# This file was autogenerated by Stack.
# You should not edit this file by hand.
# For more information, please see the documentation at:
#   https://docs.haskellstack.org/en/stable/topics/lock_files

packages:
- completed:
    hackage: hasql-1.4.5.3@sha256:4f8374bcec50e343616cfe11a768163b9be8603c7211517d668436a7510aee06,6581
    pantry-tree:
      sha256: 202621fa24eff23604c3bc50104881cde5cd7d13e7250ce7610d669a1e21023a
      size: 2567
  original:
    hackage: hasql-1.4.5.3
- completed:
    hackage: hasql-pool-0.7.2@sha256:3f9178ab710e71e241617158c7d8e96a6c27de8e5bc8d140885dd13667899467,2414
    pantry-tree:
      sha256: 70142f456d6613f8e0465321fdaa25811c013eca96c240501a490cbdb47d1c4a
      size: 345
  original:
    hackage: hasql-pool-0.7.2
- completed:
    hackage: postgresql-binary-0.12.5@sha256:de9da3cba9be541d6c75ae8da2858c33d83dc1b2e0c639b0b9781816b78a91f4,5594
    pantry-tree:
      sha256: b392337f91031a5b3407393e2f04dfe4e7a28019e88eae6a9370538b90e28c51
      size: 1619
  original:
    hackage: postgresql-binary-0.12.5
- completed:
    hackage: postgresql-libpq-0.10.2.0@sha256:7a31a758c0e9e4e608f0408c28dfb321d6a94811572892b826f66c7a387d1156,2665
    pantry-tree:
      sha256: 8c41b6cddeaf0cdbd5ab96d8d9c06ea7e7bf19a51cbc6625961302e8e1be34af
      size: 1048
  original:
    hackage: postgresql-libpq-0.10.2.0@sha256:7a31a758c0e9e4e608f0408c28dfb321d6a94811572892b826f66c7a387d1156,2665
- completed:
    hackage: postgresql-libpq-configure-0.10.0.1@sha256:177e64ed76c8fab32b7e2b314796660d697422c96e5a4677df72862b26c49f96,1313
    pantry-tree:
      sha256: ee1285d8c132c7b7217084633f70e85dd88dced63dd1210d2873ebd743448dd9
      size: 352
  original:
    hackage: postgresql-libpq-configure-0.10.0.1@sha256:177e64ed76c8fab32b7e2b314796660d697422c96e5a4677df72862b26c49f96,1313
- completed:
    hackage: text-1.2.5.0@sha256:ca9f42f21fe6d95d211f24b47f8d7952f79a3b5a476a960c18a2aaedd5771201,8183
    pantry-tree:
      sha256: e2c8164c4a5cca57debade69b05ca373bb931ce501b381ff1f505aaa914c5cbd
      size: 7395
  original:
    hackage: text-1.2.5.0
- completed:
    hackage: transformers-0.5.6.2@sha256:6c959d14430f4deffb99579ba019de07c3d852a2122b6f449344386c7d75ff1d,3172
    pantry-tree:
      sha256: c79246ba7d61392c2f214376fed3c2a05e4b2649b93ec2c849a86493f278ace0
      size: 2512
  original:
    hackage: transformers-0.5.6.2
- completed:
    hackage: vector-0.13.2.0@sha256:9ac338c8da52d8a37db08434ca4480fef2cea4f9aac240f4f994bb467f5275b4,8804
    pantry-tree:
      sha256: 9bc1265c2469283d87c2ebffeac07fc923fe4a1e99c1cf31fd1890afb002f8a9
      size: 4478
  original:
    hackage: vector-0.13.2.0
- completed:
    hackage: Cabal-3.16.1.0@sha256:6d7ee02dc18c7485d597d131356cee25b3b95778746f39b73bca1d2d44b12e11,14028
    pantry-tree:
      sha256: f1dccb500fc8ea0a0c27a0ceca13c1b268640fd2179f44c3199341359ec20b0f
      size: 12139
  original:
    hackage: Cabal-3.16.1.0
- completed:
    hackage: Cabal-syntax-3.16.1.0@sha256:4c3f63157628d3dc359c2af16ffe683b84a54857694c9d59d5fb7232f4679957,7509
    pantry-tree:
      sha256: 98e1a3e96e56316813c62e363dff386a2cdcf70ddb2181c295faa2de903ff869
      size: 11238
  original:
    hackage: Cabal-syntax-3.16.1.0
- completed:
    hackage: exceptions-0.10.12@sha256:140f5f87c4b82fc77577e3f32141d9bc495a588ea998e915347621169ad82499,2253
    pantry-tree:
      sha256: 82a9ce29708e2401e738b3ab5b8a747855c7f9b088ac88f0a7bb385a4847a71b
      size: 738
  original:
    hackage: exceptions-0.10.12
- completed:
    hackage: filepath-1.5.5.0@sha256:c6ec08084ffc90838ad36d03c3792be70fa171942a3677ec68e9be8b437754fe,5314
    pantry-tree:
      sha256: abb3039d7b4380db4d74db6d0d4e51fd83610ce9b081bb026ed5d9823cc1f000
      size: 2274
  original:
    hackage: filepath-1.5.5.0@sha256:c6ec08084ffc90838ad36d03c3792be70fa171942a3677ec68e9be8b437754fe,5314
- completed:
    hackage: mtl-2.3.2@sha256:4d7aedf021355535c2197ce0e631282ae8fa6ec557d2131ceeb045d72d85a925,1939
    pantry-tree:
      sha256: 55af44e5303f74ad43ef2ef9f1825301f5c491924c4f8532475dd92ee1f25c6e
      size: 1853
  original:
    hackage: mtl-2.3.2
- completed:
    hackage: parsec-3.1.18.0@sha256:dfbb9835b8abc966b6bbd34340ef5122227b4cf4480062b85ca4c4704f054f98,4535
    pantry-tree:
      sha256: 48ae1440eb8eb4fecde2a724c492e830ff2bec341117164302399b417733bf70
      size: 2810
  original:
    hackage: parsec-3.1.18.0
- completed:
    hackage: process-1.6.27.0@sha256:0512ed17e7e312a6412859abcb37a7bcc81b94cbb797a1ba2a8c78a5d3055d32,2947
    pantry-tree:
      sha256: 40b67ccf5207972afc81ded9477141ac825f2604bdfca2b8170230a8c52dc5b3
      size: 1869
  original:
    hackage: process-1.6.27.0
- completed:
    hackage: bifunctors-5.6.2@sha256:115a621c4eaaabb07834f9e4dd3371e21f39d034305062f4bd5cd72c2f8880d2,3332
    pantry-tree:
      sha256: be1b9e8fd657f30236506335e3681a4cb6753f7f655c19ede2140dc4a7487a3c
      size: 1466
  original:
    hackage: bifunctors-5.6.2
- completed:
    hackage: base-orphans-0.9.2@sha256:455d863c96cf4b1804772c630a235f535fdb52ca9137a4150967b521ee4734ab,3236
    pantry-tree:
      sha256: 0c2954f9010e509d2b53f190fc3390e682639addb8e9dddfe40e633b4d5403d8
      size: 1273
  original:
    hackage: base-orphans-0.9.2
- completed:
    hackage: comonad-5.0.8@sha256:4a4dbfbd03fb4963987710fca994e8b5624bd05a33e5f95b7581b26f8229c5e3,3631
    pantry-tree:
      sha256: 5810cb53d6c5e73239ad6d183eab847fba8fc1a8cd09056ede5d00c8848c8c7e
      size: 1618
  original:
    hackage: comonad-5.0.8
- completed:
    hackage: contravariant-1.5.5@sha256:470ed0e040e879e2da4af1b2c8f94e199f6135852a8107858d5ae0a95365835f,3041
    pantry-tree:
      sha256: 9eb62fea28548dc8a0f60fd47c12843092b78b24ed771b8ad63a0bb34dba8bc4
      size: 652
  original:
    hackage: contravariant-1.5.5
- completed:
    hackage: distributive-0.6.2.1@sha256:0f99f5541cca04acf89b64432b03422b6408e830a8dff30e6c4334ef1a48680c,2996
    pantry-tree:
      sha256: a42bed5fe0ba295643538312dee6c9436314c05a6f7efdd32b4303979f8bd744
      size: 735
  original:
    hackage: distributive-0.6.2.1
- completed:
    hackage: tagged-0.8.8@sha256:9193defbde3dda997236ccc11a1db3e073cc531fe523e13e9659df776feb0b32,2732
    pantry-tree:
      sha256: 7b97ce7a1e02432ecbee65dad9affbe7d40489bb139f5ffbc15d903578349260
      size: 496
  original:
    hackage: tagged-0.8.8
- completed:
    hackage: transformers-compat-0.7.2@sha256:044fb9955f63ee138fcebedfdcbe54afe741f2d5892a2d0bdf3a8052bd342643,5601
    pantry-tree:
      sha256: f49610c6a2faf82111e5d4222576f4afbcfa904bf56665232c5aa077dfc7578f
      size: 1724
  original:
    hackage: transformers-compat-0.7.2
- completed:
    hackage: unordered-containers-0.2.20@sha256:233cbcdda6c2698932bb391ce0935fb44f80c115621ee815a21ed33ac8ede422,3921
    pantry-tree:
      sha256: fa7e8ec1f22c5525f1214df2a1f3ee593a31efd7a06592c4da021606cb21505e
      size: 1647
  original:
    hackage: unordered-containers-0.2.20
- completed:
    hackage: attoparsec-0.14.4@sha256:35129d0ab1741f000f1a7d2fc839544919ee6fbb8f2d6e7f0a629c41f91035f3,5914
    pantry-tree:
      sha256: 467033f4d538aaeb309c15632018f2621eeace79fe7286e9242c7e75b59ced82
      size: 5039
  original:
    hackage: attoparsec-0.14.4
- completed:
    hackage: base-compat-0.13.1@sha256:70632b4e8d8355a1993d3a1bffd8a2022570c859b486b5d114021ee838427940,7773
    pantry-tree:
      sha256: 5d0e73bc12505c1f1d95e97a221d9b04c9ce60e0cc4aac03aba2c798eb1fa03d
      size: 9612
  original:
    hackage: base-compat-0.13.1
- completed:
    hackage: base-compat-batteries-0.13.1@sha256:19463f09774812886b51be4c02d524063454a0dfaec3bfc6df7fb40520fafecd,9548
    pantry-tree:
      sha256: 32fb27ae950eadb6fee30ed6366e06a1f47a297fff29dc517228687ac4f3d405
      size: 11780
  original:
    hackage: base-compat-batteries-0.13.1
- completed:
    hackage: charset-0.3.10@sha256:ac062eff2aea85a9bbdc02441e59ff753ac309a7d7b51c62341b5a572fee2255,1769
    pantry-tree:
      sha256: c0843cbede7842b2b2597115ad9f42d766d5bad7dd025904752f33dd3b247637
      size: 893
  original:
    hackage: charset-0.3.10
- completed:
    hackage: http-date-0.0.11@sha256:b278b07f880705e3b0b073206ad26954548b666d616733c9a6b5d50993f547d4,1758
    pantry-tree:
      sha256: 8b850ea9f5bdbe3430c305181f44dd02f96613a325f0d2cd1b68a2f024c4bda1
      size: 706
  original:
    hackage: http-date-0.0.11
- completed:
    hackage: parsers-0.12.11@sha256:7f1b3bff8471dc05c2ad0362c4ddcc3d533ca6e55ff6847430ebd6cc84496f49,3526
    pantry-tree:
      sha256: cd8e99a42a82af352392744c868820e12a231d3d40c506b30d7b4d7d46f26d05
      size: 935
  original:
    hackage: parsers-0.12.11
- completed:
    hackage: scientific-0.3.7.0@sha256:909755ab19b453169ff85281323da1488407776b2360bd9f7afdd219fd306ef2,4869
    pantry-tree:
      sha256: 00e74ee83063c8c5cf5c726d9ed079a7f67051f3ddd9e2ecbbe3c6ea06271061
      size: 657
  original:
    hackage: scientific-0.3.7.0
- completed:
    hackage: os-string-2.0.6@sha256:e7edec885f7bcee0b86abff7bd801523b5d485952f55c20689418af0dabcfdf7,3403
    pantry-tree:
      sha256: 8333ae5f4fbe2b9987fee409a89f96cd0910e18a80c89995aa8e4f04bf55ffde
      size: 2218
  original:
    hackage: os-string-2.0.6
- completed:
    hackage: directory-1.3.9.0@sha256:ed6784601c6a800d4c1e40efbc9f20cf33ae2f25cac301fc239f9c91947b816b,3307
    pantry-tree:
      sha256: 2cd113a92cacbc5a9fc04bce56b12037a81e837c91ec82462835aa495125f4c7
      size: 3386
  original:
    hackage: directory-1.3.9.0@sha256:ed6784601c6a800d4c1e40efbc9f20cf33ae2f25cac301fc239f9c91947b816b,3307
- completed:
    hackage: file-io-0.1.6@sha256:5e3466f15993e499db47d79d09c519d6d37c143cfe94fb46dd218bf2f6f3fd39,3550
    pantry-tree:
      sha256: 013a88119dff7be21df2371e0765cc4297af2f2f89265d4658bc8a71e71ce4b3
      size: 906
  original:
    hackage: file-io-0.1.6@sha256:5e3466f15993e499db47d79d09c519d6d37c143cfe94fb46dd218bf2f6f3fd39,3550
snapshots:
- completed:
    sha256: 795b7a893148a42f09956611a0fa1139293fe6ef934d053468d8e53e3e013390
    size: 719577
    url: https://raw.githubusercontent.com/commercialhaskell/stackage-snapshots/master/lts/22/30.yaml
  original: lts-22.30
