# This file was autogenerated by Stack.
# You should not edit this file by hand.
# For more information, please see the documentation at:
#   https://docs.haskellstack.org/en/stable/topics/lock_files

packages:
- completed:
    hackage: ekg-0.4.1.2@sha256:df9815979134383dd8f33ae976e1270eb3918d11c3fd41c1cbf2b6c1ab41047f,2234
    pantry-tree:
      sha256: f6f8a09960708b63ccaafcd7120ae5d002ed0d8d57f211cd2b080b2d86aeef78
      size: 1495
  original:
    hackage: ekg-0.4.1.2@sha256:df9815979134383dd8f33ae976e1270eb3918d11c3fd41c1cbf2b6c1ab41047f,2234
snapshots:
- completed:
    sha256: 5a59b2a405b3aba3c00188453be172b85893cab8ebc352b1ef58b0eae5d248a2
    size: 650475
    url: https://raw.githubusercontent.com/commercialhaskell/stackage-snapshots/master/lts/20/26.yaml
  original: lts-20.26
