# This file was autogenerated by Stack.
# You should not edit this file by hand.
# For more information, please see the documentation at:
#   https://docs.haskellstack.org/en/stable/topics/lock_files

packages: []
snapshots:
- completed:
    sha256: f4c745366a9b72a2b998c86106cabe6e0955e6af062e228b4fb42aa4712d4da6
    size: 735728
    url: https://raw.githubusercontent.com/commercialhaskell/stackage-snapshots/master/nightly/2026/4/5.yaml
  original: nightly-2026-04-05
